
Microsoft Visual Studio Solution File, Format Version 12.00
# Visual Studio Version 17
VisualStudioVersion = 17.9.34622.214
MinimumVisualStudioVersion = 10.0.40219.1
Project("{FAE04EC0-301F-11D3-BF4B-00C04F79EFBC}") = "MatchingGame", "MatchingGame\MatchingGame.csproj", "{9471D2C6-157E-4F3C-9286-39DD85EE38DF}"
EndProject
Global
	GlobalSection(SolutionConfigurationPlatforms) = preSolution
		Debug|Any CPU = Debug|Any CPU
		Release|Any CPU = Release|Any CPU
	EndGlobalSection
	GlobalSection(ProjectConfigurationPlatforms) = postSolution
		{9471D2C6-157E-4F3C-9286-39DD85EE38DF}.Debug|Any CPU.ActiveCfg = Debug|Any CPU
		{9471D2C6-157E-4F3C-9286-39DD85EE38DF}.Debug|Any CPU.Build.0 = Debug|Any CPU
		{9471D2C6-157E-4F3C-9286-39DD85EE38DF}.Release|Any CPU.ActiveCfg = Release|Any CPU
		{9471D2C6-157E-4F3C-9286-39DD85EE38DF}.Release|Any CPU.Build.0 = Release|Any CPU
	EndGlobalSection
	GlobalSection(SolutionProperties) = preSolution
		HideSolutionNode = FALSE
	EndGlobalSection
	GlobalSection(ExtensibilityGlobals) = postSolution
		SolutionGuid = {FE34FA16-F21F-4986-BD56-2C6E528E6A60}
	EndGlobalSection
EndGlobal
